
Microsoft Visual Studio Solution File, Format Version 12.00
# Visual Studio Version 17
VisualStudioVersion = 17.5.33424.131
MinimumVisualStudioVersion = 10.0.40219.1
Project("{FAE04EC0-301F-11D3-BF4B-00C04F79EFBC}") = "prova", "prova\prova.csproj", "{B7A3AC60-2A08-4DDA-A9A8-5C13AD5212D5}"
EndProject
Global
	GlobalSection(SolutionConfigurationPlatforms) = preSolution
		Debug|Any CPU = Debug|Any CPU
		Release|Any CPU = Release|Any CPU
	EndGlobalSection
	GlobalSection(ProjectConfigurationPlatforms) = postSolution
		{B7A3AC60-2A08-4DDA-A9A8-5C13AD5212D5}.Debug|Any CPU.ActiveCfg = Debug|Any CPU
		{B7A3AC60-2A08-4DDA-A9A8-5C13AD5212D5}.Debug|Any CPU.Build.0 = Debug|Any CPU
		{B7A3AC60-2A08-4DDA-A9A8-5C13AD5212D5}.Release|Any CPU.ActiveCfg = Release|Any CPU
		{B7A3AC60-2A08-4DDA-A9A8-5C13AD5212D5}.Release|Any CPU.Build.0 = Release|Any CPU
	EndGlobalSection
	GlobalSection(SolutionProperties) = preSolution
		HideSolutionNode = FALSE
	EndGlobalSection
	GlobalSection(ExtensibilityGlobals) = postSolution
		SolutionGuid = {8C2983E8-0D5A-4B24-A13E-08178AEFF6DA}
	EndGlobalSection
EndGlobal
